
Microsoft Visual Studio Solution File, Format Version 12.00
Project("{FAE04EC0-301F-11D3-BF4B-00C04F79EFBC}") = "WASD.QLicPlatform.API", "WASD.QLicPlatform.API\WASD.QLicPlatform.API.csproj", "{C04522CD-A4BF-4C06-9EE9-495CE7F1AB0F}"
EndProject
Global
	GlobalSection(SolutionConfigurationPlatforms) = preSolution
		Debug|Any CPU = Debug|Any CPU
		Release|Any CPU = Release|Any CPU
	EndGlobalSection
	GlobalSection(ProjectConfigurationPlatforms) = postSolution
		{C04522CD-A4BF-4C06-9EE9-495CE7F1AB0F}.Debug|Any CPU.ActiveCfg = Debug|Any CPU
		{C04522CD-A4BF-4C06-9EE9-495CE7F1AB0F}.Debug|Any CPU.Build.0 = Debug|Any CPU
		{C04522CD-A4BF-4C06-9EE9-495CE7F1AB0F}.Release|Any CPU.ActiveCfg = Release|Any CPU
		{C04522CD-A4BF-4C06-9EE9-495CE7F1AB0F}.Release|Any CPU.Build.0 = Release|Any CPU
	EndGlobalSection
EndGlobal
